
Microsoft Visual Studio Solution File, Format Version 12.00
# Visual Studio Version 17
VisualStudioVersion = 17.3.32901.215
MinimumVisualStudioVersion = 10.0.40219.1
Project("{FAE04EC0-301F-11D3-BF4B-00C04F79EFBC}") = "BridalForm", "BridalForm\BridalForm.csproj", "{24ADA591-684C-4704-81F2-D6806CE123E2}"
EndProject
Global
	GlobalSection(SolutionConfigurationPlatforms) = preSolution
		Debug|Any CPU = Debug|Any CPU
		Release|Any CPU = Release|Any CPU
	EndGlobalSection
	GlobalSection(ProjectConfigurationPlatforms) = postSolution
		{24ADA591-684C-4704-81F2-D6806CE123E2}.Debug|Any CPU.ActiveCfg = Debug|Any CPU
		{24ADA591-684C-4704-81F2-D6806CE123E2}.Debug|Any CPU.Build.0 = Debug|Any CPU
		{24ADA591-684C-4704-81F2-D6806CE123E2}.Release|Any CPU.ActiveCfg = Release|Any CPU
		{24ADA591-684C-4704-81F2-D6806CE123E2}.Release|Any CPU.Build.0 = Release|Any CPU
	EndGlobalSection
	GlobalSection(SolutionProperties) = preSolution
		HideSolutionNode = FALSE
	EndGlobalSection
	GlobalSection(ExtensibilityGlobals) = postSolution
		SolutionGuid = {7B782A96-C72B-460D-B8A6-CEFCD1140C6D}
	EndGlobalSection
EndGlobal
